version = 1
revision = 3
requires-python = ">=3.12"

[[package]]
name = "protobuf"
version = "3.19.6"
source = { registry = "https://pypi.org/simple" }
sdist = { url = "https://files.pythonhosted.org/packages/51/d1/79bfd1f481469b661a2eddab551255536401892722189433282bfb13cfb1/protobuf-3.19.6.tar.gz", hash = "sha256:5f5540d57a43042389e87661c6eaa50f47c19c6176e8cf1c4f287aeefeccb5c4", size = 218071, upload-time = "2022-09-29T22:07:23.03Z" }
wheels = [
    { url = "https://files.pythonhosted.org/packages/32/27/1141a8232723dcb10a595cc0ce4321dcbbd5215300bf4acfc142343205bf/protobuf-3.19.6-py2.py3-none-any.whl", hash = "sha256:14082457dc02be946f60b15aad35e9f5c69e738f80ebbc0900a19bc83734a5a4", size = 162648, upload-time = "2022-09-29T22:07:20.303Z" },
]

[[package]]
name = "robust-rail-generator"
version = "1.2.0"
source = { virtual = "." }
dependencies = [
    { name = "protobuf" },
]

[package.metadata]
requires-dist = [{ name = "protobuf", specifier = ">=3.19,<3.20" }]
